{
  "name": "exp-orchestrator-scripts",
  "version": "0.1.0",
  "lockfileVersion": 3,
  "requires": true,
  "packages": {
    "": {
      "name": "exp-orchestrator-scripts",
      "version": "0.1.0",
      "optionalDependencies": {
        "@corelinkhub/corelink-client": "^5.1.2"
      }
    },
    "node_modules/@corelinkhub/corelink-client": {
      "optional": true
    }
  }
}
